
Microsoft Visual Studio Solution File, Format Version 12.00
Project("{2150E333-8FDC-42A3-9474-1A3956D46DE8}") = "src", "src", "{7B9B010A-E078-4E20-AF93-E189C502F7F5}"
EndProject
Project("{FAE04EC0-301F-11D3-BF4B-00C04F79EFBC}") = "Toman.Core", "src\Toman.Core\Toman.Core.csproj", "{A1F2B9C6-AAB6-4187-B52B-697E105765DE}"
EndProject
Project("{2150E333-8FDC-42A3-9474-1A3956D46DE8}") = "test", "test", "{0A1C0D83-308A-4DE0-96FA-2C3FF55DAE24}"
EndProject
Project("{FAE04EC0-301F-11D3-BF4B-00C04F79EFBC}") = "Toman.Tests", "test\Toman.Tests\Toman.Tests.csproj", "{E872CCDD-D45D-4A26-B99A-4B35DBE46180}"
EndProject
Global
	GlobalSection(SolutionConfigurationPlatforms) = preSolution
		Debug|Any CPU = Debug|Any CPU
		Release|Any CPU = Release|Any CPU
	EndGlobalSection
	GlobalSection(NestedProjects) = preSolution
		{A1F2B9C6-AAB6-4187-B52B-697E105765DE} = {7B9B010A-E078-4E20-AF93-E189C502F7F5}
		{E872CCDD-D45D-4A26-B99A-4B35DBE46180} = {0A1C0D83-308A-4DE0-96FA-2C3FF55DAE24}
	EndGlobalSection
	GlobalSection(ProjectConfigurationPlatforms) = postSolution
		{A1F2B9C6-AAB6-4187-B52B-697E105765DE}.Debug|Any CPU.ActiveCfg = Debug|Any CPU
		{A1F2B9C6-AAB6-4187-B52B-697E105765DE}.Debug|Any CPU.Build.0 = Debug|Any CPU
		{A1F2B9C6-AAB6-4187-B52B-697E105765DE}.Release|Any CPU.ActiveCfg = Release|Any CPU
		{A1F2B9C6-AAB6-4187-B52B-697E105765DE}.Release|Any CPU.Build.0 = Release|Any CPU
		{E872CCDD-D45D-4A26-B99A-4B35DBE46180}.Debug|Any CPU.ActiveCfg = Debug|Any CPU
		{E872CCDD-D45D-4A26-B99A-4B35DBE46180}.Debug|Any CPU.Build.0 = Debug|Any CPU
		{E872CCDD-D45D-4A26-B99A-4B35DBE46180}.Release|Any CPU.ActiveCfg = Release|Any CPU
		{E872CCDD-D45D-4A26-B99A-4B35DBE46180}.Release|Any CPU.Build.0 = Release|Any CPU
	EndGlobalSection
EndGlobal
